Microsoft Visual Studio Solution File, Format Version 12.00
# Visual Studio 14
VisualStudioVersion = 14.0.25420.1
MinimumVisualStudioVersion = 10.0.40219.1
Project("{FAE04EC0-301F-11D3-BF4B-00C04F79EFBC}") = "FOCA", "FOCA\FOCA.csproj", "{A0E07F2A-14ED-4460-96E5-2901D2D078A3}"
EndProject
Project("{FAE04EC0-301F-11D3-BF4B-00C04F79EFBC}") = "MetadataExtractCore", "MetadataExtractCore\MetadataExtractCore.csproj", "{61736B0E-FFE6-45FC-B3F0-8B45F991A772}"
EndProject
Project("{FAE04EC0-301F-11D3-BF4B-00C04F79EFBC}") = "SearcherCore", "SearcherCore\SearcherCore\SearcherCore.csproj", "{697AF2A1-3FC4-41DD-9798-BB316476275E}"
EndProject
Global
	GlobalSection(SolutionConfigurationPlatforms) = preSolution
		Debug|Any CPU = Debug|Any CPU
		Release|Any CPU = Release|Any CPU
	EndGlobalSection
	GlobalSection(ProjectConfigurationPlatforms) = postSolution
		{A0E07F2A-14ED-4460-96E5-2901D2D078A3}.Debug|Any CPU.ActiveCfg = Debug|Any CPU
		{A0E07F2A-14ED-4460-96E5-2901D2D078A3}.Debug|Any CPU.Build.0 = Debug|Any CPU
		{A0E07F2A-14ED-4460-96E5-2901D2D078A3}.Release|Any CPU.ActiveCfg = Release|Any CPU
		{A0E07F2A-14ED-4460-96E5-2901D2D078A3}.Release|Any CPU.Build.0 = Release|Any CPU
		{61736B0E-FFE6-45FC-B3F0-8B45F991A772}.Debug|Any CPU.ActiveCfg = Debug|Any CPU
		{61736B0E-FFE6-45FC-B3F0-8B45F991A772}.Debug|Any CPU.Build.0 = Debug|Any CPU
		{61736B0E-FFE6-45FC-B3F0-8B45F991A772}.Release|Any CPU.ActiveCfg = Release|Any CPU
		{61736B0E-FFE6-45FC-B3F0-8B45F991A772}.Release|Any CPU.Build.0 = Release|Any CPU
		{697AF2A1-3FC4-41DD-9798-BB316476275E}.Debug|Any CPU.ActiveCfg = Debug|Any CPU
		{697AF2A1-3FC4-41DD-9798-BB316476275E}.Debug|Any CPU.Build.0 = Debug|Any CPU
		{697AF2A1-3FC4-41DD-9798-BB316476275E}.Release|Any CPU.ActiveCfg = Release|Any CPU
		{697AF2A1-3FC4-41DD-9798-BB316476275E}.Release|Any CPU.Build.0 = Release|Any CPU
	EndGlobalSection
	GlobalSection(SolutionProperties) = preSolution
		HideSolutionNode = FALSE
	EndGlobalSection
EndGlobal
